
Microsoft Visual Studio Solution File, Format Version 12.00
# Visual Studio Version 16
VisualStudioVersion = 16.0.29806.167
MinimumVisualStudioVersion = 10.0.40219.1
Project("{9A19103F-16F7-4668-BE54-9A1E7A4F7556}") = "PCOM.Library.Tests", "PCOMLibrary.Tests\PCOM.Library.Tests.csproj", "{B644CE43-FDB9-4041-9129-3AE2CE5320A1}"
EndProject
Project("{9A19103F-16F7-4668-BE54-9A1E7A4F7556}") = "Unitronics", "PCOMLibrary\Unitronics.csproj", "{42C181B7-AB2A-43E9-A6C7-A3152777EC48}"
EndProject
Project("{FAE04EC0-301F-11D3-BF4B-00C04F79EFBC}") = "FindPlcName", "FindPlcName\FindPlcName.csproj", "{17860F39-FC1B-4621-AC38-FADA7A8631B5}"
EndProject
Global
	GlobalSection(SolutionConfigurationPlatforms) = preSolution
		Debug|Any CPU = Debug|Any CPU
		Release|Any CPU = Release|Any CPU
	EndGlobalSection
	GlobalSection(ProjectConfigurationPlatforms) = postSolution
		{B644CE43-FDB9-4041-9129-3AE2CE5320A1}.Debug|Any CPU.ActiveCfg = Debug|Any CPU
		{B644CE43-FDB9-4041-9129-3AE2CE5320A1}.Debug|Any CPU.Build.0 = Debug|Any CPU
		{B644CE43-FDB9-4041-9129-3AE2CE5320A1}.Release|Any CPU.ActiveCfg = Release|Any CPU
		{B644CE43-FDB9-4041-9129-3AE2CE5320A1}.Release|Any CPU.Build.0 = Release|Any CPU
		{42C181B7-AB2A-43E9-A6C7-A3152777EC48}.Debug|Any CPU.ActiveCfg = Debug|Any CPU
		{42C181B7-AB2A-43E9-A6C7-A3152777EC48}.Debug|Any CPU.Build.0 = Debug|Any CPU
		{42C181B7-AB2A-43E9-A6C7-A3152777EC48}.Release|Any CPU.ActiveCfg = Release|Any CPU
		{42C181B7-AB2A-43E9-A6C7-A3152777EC48}.Release|Any CPU.Build.0 = Release|Any CPU
		{17860F39-FC1B-4621-AC38-FADA7A8631B5}.Debug|Any CPU.ActiveCfg = Debug|Any CPU
		{17860F39-FC1B-4621-AC38-FADA7A8631B5}.Debug|Any CPU.Build.0 = Debug|Any CPU
		{17860F39-FC1B-4621-AC38-FADA7A8631B5}.Release|Any CPU.ActiveCfg = Release|Any CPU
		{17860F39-FC1B-4621-AC38-FADA7A8631B5}.Release|Any CPU.Build.0 = Release|Any CPU
	EndGlobalSection
	GlobalSection(SolutionProperties) = preSolution
		HideSolutionNode = FALSE
	EndGlobalSection
	GlobalSection(ExtensibilityGlobals) = postSolution
		SolutionGuid = {DF5401EF-A7F5-4103-890B-BAF6601D2E0E}
	EndGlobalSection
EndGlobal
